// !$*UTF8*$!
{
	archiveVersion = 1;
	classes = {
	};
	objectVersion = 50;
	objects = {

/* Begin PBXBuildFile section */
		0C6A5B3126B4B9900015E35A /* Step_CounterApp.swift in Sources */ = {isa = PBXBuildFile; fileRef = 0C6A5B3026B4B9900015E35A /* Step_CounterApp.swift */; };
		0C6A5B3326B4B9900015E35A /* ContentView.swift in Sources */ = {isa = PBXBuildFile; fileRef = 0C6A5B3226B4B9900015E35A /* ContentView.swift */; };
		0C6A5B3526B4B9910015E35A /* Assets.xcassets in Resources */ = {isa = PBXBuildFile; fileRef = 0C6A5B3426B4B9910015E35A /* Assets.xcassets */; };
		0C6A5B3826B4B9910015E35A /* Preview Assets.xcassets in Resources */ = {isa = PBXBuildFile; fileRef = 0C6A5B3726B4B9910015E35A /* Preview Assets.xcassets */; };
		0C6A5B4326B4B9910015E35A /* Step_CounterTests.swift in Sources */ = {isa = PBXBuildFile; fileRef = 0C6A5B4226B4B9910015E35A /* Step_CounterTests.swift */; };
		0C6A5B4E26B4B9910015E35A /* Step_CounterUITests.swift in Sources */ = {isa = PBXBuildFile; fileRef = 0C6A5B4D26B4B9910015E35A /* Step_CounterUITests.swift */; };
		0C6A5B5C26B4D84C0015E35A /* HealthStore.swift in Sources */ = {isa = PBXBuildFile; fileRef = 0C6A5B5B26B4D84C0015E35A /* HealthStore.swift */; };
		0C6A5B6026B4DB330015E35A /* HealthKit.framework in Frameworks */ = {isa = PBXBuildFile; fileRef = 0C6A5B5F26B4DB330015E35A /* HealthKit.framework */; };
		0C6A5B6326B4E8560015E35A /* Step.swift in Sources */ = {isa = PBXBuildFile; fileRef = 0C6A5B6226B4E8560015E35A /* Step.swift */; };
/* End PBXBuildFile section */

/* Begin PBXContainerItemProxy section */
		0C6A5B3F26B4B9910015E35A /* PBXContainerItemProxy */ = {
			isa = PBXContainerItemProxy;
			containerPortal = 0C6A5B2526B4B9900015E35A /* Project object */;
			proxyType = 1;
			remoteGlobalIDString = 0C6A5B2C26B4B9900015E35A;
			remoteInfo = "Step Counter";
		};
		0C6A5B4A26B4B9910015E35A /* PBXContainerItemProxy */ = {
			isa = PBXContainerItemProxy;
			containerPortal = 0C6A5B2526B4B9900015E35A /* Project object */;
			proxyType = 1;
			remoteGlobalIDString = 0C6A5B2C26B4B9900015E35A;
			remoteInfo = "Step Counter";
		};
/* End PBXContainerItemProxy section */

/* Begin PBXFileReference section */
		0C6A5B2D26B4B9900015E35A /* Step Counter.app */ = {isa = PBXFileReference; explicitFileType = wrapper.application; includeInIndex = 0; path = "Step Counter.app"; sourceTree = BUILT_PRODUCTS_DIR; };
		0C6A5B3026B4B9900015E35A /* Step_CounterApp.swift */ = {isa = PBXFileReference; lastKnownFileType = sourcecode.swift; path = Step_CounterApp.swift; sourceTree = "<group>"; };
		0C6A5B3226B4B9900015E35A /* ContentView.swift */ = {isa = PBXFileReference; lastKnownFileType = sourcecode.swift; path = ContentView.swift; sourceTree = "<group>"; };
		0C6A5B3426B4B9910015E35A /* Assets.xcassets */ = {isa = PBXFileReference; lastKnownFileType = folder.assetcatalog; path = Assets.xcassets; sourceTree = "<group>"; };
		0C6A5B3726B4B9910015E35A /* Preview Assets.xcassets */ = {isa = PBXFileReference; lastKnownFileType = folder.assetcatalog; path = "Preview Assets.xcassets"; sourceTree = "<group>"; };
		0C6A5B3926B4B9910015E35A /* Info.plist */ = {isa = PBXFileReference; lastKnownFileType = text.plist.xml; path = Info.plist; sourceTree = "<group>"; };
		0C6A5B3E26B4B9910015E35A /* Step CounterTests.xctest */ = {isa = PBXFileReference; explicitFileType = wrapper.cfbundle; includeInIndex = 0; path = "Step CounterTests.xctest"; sourceTree = BUILT_PRODUCTS_DIR; };
		0C6A5B4226B4B9910015E35A /* Step_CounterTests.swift */ = {isa = PBXFileReference; lastKnownFileType = sourcecode.swift; path = Step_CounterTests.swift; sourceTree = "<group>"; };
		0C6A5B4426B4B9910015E35A /* Info.plist */ = {isa = PBXFileReference; lastKnownFileType = text.plist.xml; path = Info.plist; sourceTree = "<group>"; };
		0C6A5B4926B4B9910015E35A /* Step CounterUITests.xctest */ = {isa = PBXFileReference; explicitFileType = wrapper.cfbundle; includeInIndex = 0; path = "Step CounterUITests.xctest"; sourceTree = BUILT_PRODUCTS_DIR; };
		0C6A5B4D26B4B9910015E35A /* Step_CounterUITests.swift */ = {isa = PBXFileReference; lastKnownFileType = sourcecode.swift; path = Step_CounterUITests.swift; sourceTree = "<group>"; };
		0C6A5B4F26B4B9910015E35A /* Info.plist */ = {isa = PBXFileReference; lastKnownFileType = text.plist.xml; path = Info.plist; sourceTree = "<group>"; };
		0C6A5B5B26B4D84C0015E35A /* HealthStore.swift */ = {isa = PBXFileReference; lastKnownFileType = sourcecode.swift; path = HealthStore.swift; sourceTree = "<group>"; };
		0C6A5B5D26B4DB330015E35A /* Step Counter.entitlements */ = {isa = PBXFileReference; lastKnownFileType = text.plist.entitlements; path = "Step Counter.entitlements"; sourceTree = "<group>"; };
		0C6A5B5F26B4DB330015E35A /* HealthKit.framework */ = {isa = PBXFileReference; lastKnownFileType = wrapper.framework; name = HealthKit.framework; path = System/Library/Frameworks/HealthKit.framework; sourceTree = SDKROOT; };
		0C6A5B6226B4E8560015E35A /* Step.swift */ = {isa = PBXFileReference; lastKnownFileType = sourcecode.swift; path = Step.swift; sourceTree = "<group>"; };
/* End PBXFileReference section */

/* Begin PBXFrameworksBuildPhase section */
		0C6A5B2A26B4B9900015E35A /* Frameworks */ = {
			isa = PBXFrameworksBuildPhase;
			buildActionMask = 2147483647;
			files = (
				0C6A5B6026B4DB330015E35A /* HealthKit.framework in Frameworks */,
			);
			runOnlyForDeploymentPostprocessing = 0;
		};
		0C6A5B3B26B4B9910015E35A /* Frameworks */ = {
			isa = PBXFrameworksBuildPhase;
			buildActionMask = 2147483647;
			files = (
			);
			runOnlyForDeploymentPostprocessing = 0;
		};
		0C6A5B4626B4B9910015E35A /* Frameworks */ = {
			isa = PBXFrameworksBuildPhase;
			buildActionMask = 2147483647;
			files = (
			);
			runOnlyForDeploymentPostprocessing = 0;
		};
/* End PBXFrameworksBuildPhase section */

/* Begin PBXGroup section */
		0C6A5B2426B4B9900015E35A = {
			isa = PBXGroup;
			children = (
				0C6A5B2F26B4B9900015E35A /* Step Counter */,
				0C6A5B4126B4B9910015E35A /* Step CounterTests */,
				0C6A5B4C26B4B9910015E35A /* Step CounterUITests */,
				0C6A5B2E26B4B9900015E35A /* Products */,
				0C6A5B5E26B4DB330015E35A /* Frameworks */,
			);
			sourceTree = "<group>";
		};
		0C6A5B2E26B4B9900015E35A /* Products */ = {
			isa = PBXGroup;
			children = (
				0C6A5B2D26B4B9900015E35A /* Step Counter.app */,
				0C6A5B3E26B4B9910015E35A /* Step CounterTests.xctest */,
				0C6A5B4926B4B9910015E35A /* Step CounterUITests.xctest */,
			);
			name = Products;
			sourceTree = "<group>";
		};
		0C6A5B2F26B4B9900015E35A /* Step Counter */ = {
			isa = PBXGroup;
			children = (
				0C6A5B6126B4E8370015E35A /* Models */,
				0C6A5B5D26B4DB330015E35A /* Step Counter.entitlements */,
				0C6A5B3026B4B9900015E35A /* Step_CounterApp.swift */,
				0C6A5B3226B4B9900015E35A /* ContentView.swift */,
				0C6A5B3426B4B9910015E35A /* Assets.xcassets */,
				0C6A5B3926B4B9910015E35A /* Info.plist */,
				0C6A5B3626B4B9910015E35A /* Preview Content */,
				0C6A5B5B26B4D84C0015E35A /* HealthStore.swift */,
			);
			path = "Step Counter";
			sourceTree = "<group>";
		};
		0C6A5B3626B4B9910015E35A /* Preview Content */ = {
			isa = PBXGroup;
			children = (
				0C6A5B3726B4B9910015E35A /* Preview Assets.xcassets */,
			);
			path = "Preview Content";
			sourceTree = "<group>";
		};
		0C6A5B4126B4B9910015E35A /* Step CounterTests */ = {
			isa = PBXGroup;
			children = (
				0C6A5B4226B4B9910015E35A /* Step_CounterTests.swift */,
				0C6A5B4426B4B9910015E35A /* Info.plist */,
			);
			path = "Step CounterTests";
			sourceTree = "<group>";
		};
		0C6A5B4C26B4B9910015E35A /* Step CounterUITests */ = {
			isa = PBXGroup;
			children = (
				0C6A5B4D26B4B9910015E35A /* Step_CounterUITests.swift */,
				0C6A5B4F26B4B9910015E35A /* Info.plist */,
			);
			path = "Step CounterUITests";
			sourceTree = "<group>";
		};
		0C6A5B5E26B4DB330015E35A /* Frameworks */ = {
			isa = PBXGroup;
			children = (
				0C6A5B5F26B4DB330015E35A /* HealthKit.framework */,
			);
			name = Frameworks;
			sourceTree = "<group>";
		};
		0C6A5B6126B4E8370015E35A /* Models */ = {
			isa = PBXGroup;
			children = (
				0C6A5B6226B4E8560015E35A /* Step.swift */,
			);
			path = Models;
			sourceTree = "<group>";
		};
/* End PBXGroup section */

/* Begin PBXNativeTarget section */
		0C6A5B2C26B4B9900015E35A /* Step Counter */ = {
			isa = PBXNativeTarget;
			buildConfigurationList = 0C6A5B5226B4B9910015E35A /* Build configuration list for PBXNativeTarget "Step Counter" */;
			buildPhases = (
				0C6A5B2926B4B9900015E35A /* Sources */,
				0C6A5B2A26B4B9900015E35A /* Frameworks */,
				0C6A5B2B26B4B9900015E35A /* Resources */,
			);
			buildRules = (
			);
			dependencies = (
			);
			name = "Step Counter";
			productName = "Step Counter";
			productReference = 0C6A5B2D26B4B9900015E35A /* Step Counter.app */;
			productType = "com.apple.product-type.application";
		};
		0C6A5B3D26B4B9910015E35A /* Step CounterTests */ = {
			isa = PBXNativeTarget;
			buildConfigurationList = 0C6A5B5526B4B9910015E35A /* Build configuration list for PBXNativeTarget "Step CounterTests" */;
			buildPhases = (
				0C6A5B3A26B4B9910015E35A /* Sources */,
				0C6A5B3B26B4B9910015E35A /* Frameworks */,
				0C6A5B3C26B4B9910015E35A /* Resources */,
			);
			buildRules = (
			);
			dependencies = (
				0C6A5B4026B4B9910015E35A /* PBXTargetDependency */,
			);
			name = "Step CounterTests";
			productName = "Step CounterTests";
			productReference = 0C6A5B3E26B4B9910015E35A /* Step CounterTests.xctest */;
			productType = "com.apple.product-type.bundle.unit-test";
		};
		0C6A5B4826B4B9910015E35A /* Step CounterUITests */ = {
			isa = PBXNativeTarget;
			buildConfigurationList = 0C6A5B5826B4B9910015E35A /* Build configuration list for PBXNativeTarget "Step CounterUITests" */;
			buildPhases = (
				0C6A5B4526B4B9910015E35A /* Sources */,
				0C6A5B4626B4B9910015E35A /* Frameworks */,
				0C6A5B4726B4B9910015E35A /* Resources */,
			);
			buildRules = (
			);
			dependencies = (
				0C6A5B4B26B4B9910015E35A /* PBXTargetDependency */,
			);
			name = "Step CounterUITests";
			productName = "Step CounterUITests";
			productReference = 0C6A5B4926B4B9910015E35A /* Step CounterUITests.xctest */;
			productType = "com.apple.product-type.bundle.ui-testing";
		};
/* End PBXNativeTarget section */

/* Begin PBXProject section */
		0C6A5B2526B4B9900015E35A /* Project object */ = {
			isa = PBXProject;
			attributes = {
				LastSwiftUpdateCheck = 1250;
				LastUpgradeCheck = 1250;
				TargetAttributes = {
					0C6A5B2C26B4B9900015E35A = {
						CreatedOnToolsVersion = 12.5;
					};
					0C6A5B3D26B4B9910015E35A = {
						CreatedOnToolsVersion = 12.5;
						TestTargetID = 0C6A5B2C26B4B9900015E35A;
					};
					0C6A5B4826B4B9910015E35A = {
						CreatedOnToolsVersion = 12.5;
						TestTargetID = 0C6A5B2C26B4B9900015E35A;
					};
				};
			};
			buildConfigurationList = 0C6A5B2826B4B9900015E35A /* Build configuration list for PBXProject "Step Counter" */;
			compatibilityVersion = "Xcode 9.3";
			developmentRegion = en;
			hasScannedForEncodings = 0;
			knownRegions = (
				en,
				Base,
			);
			mainGroup = 0C6A5B2426B4B9900015E35A;
			productRefGroup = 0C6A5B2E26B4B9900015E35A /* Products */;
			projectDirPath = "";
			projectRoot = "";
			targets = (
				0C6A5B2C26B4B9900015E35A /* Step Counter */,
				0C6A5B3D26B4B9910015E35A /* Step CounterTests */,
				0C6A5B4826B4B9910015E35A /* Step CounterUITests */,
			);
		};
/* End PBXProject section */

/* Begin PBXResourcesBuildPhase section */
		0C6A5B2B26B4B9900015E35A /* Resources */ = {
			isa = PBXResourcesBuildPhase;
			buildActionMask = 2147483647;
			files = (
				0C6A5B3826B4B9910015E35A /* Preview Assets.xcassets in Resources */,
				0C6A5B3526B4B9910015E35A /* Assets.xcassets in Resources */,
			);
			runOnlyForDeploymentPostprocessing = 0;
		};
		0C6A5B3C26B4B9910015E35A /* Resources */ = {
			isa = PBXResourcesBuildPhase;
			buildActionMask = 2147483647;
			files = (
			);
			runOnlyForDeploymentPostprocessing = 0;
		};
		0C6A5B4726B4B9910015E35A /* Resources */ = {
			isa = PBXResourcesBuildPhase;
			buildActionMask = 2147483647;
			files = (
			);
			runOnlyForDeploymentPostprocessing = 0;
		};
/* End PBXResourcesBuildPhase section */

/* Begin PBXSourcesBuildPhase section */
		0C6A5B2926B4B9900015E35A /* Sources */ = {
			isa = PBXSourcesBuildPhase;
			buildActionMask = 2147483647;
			files = (
				0C6A5B3326B4B9900015E35A /* ContentView.swift in Sources */,
				0C6A5B6326B4E8560015E35A /* Step.swift in Sources */,
				0C6A5B5C26B4D84C0015E35A /* HealthStore.swift in Sources */,
				0C6A5B3126B4B9900015E35A /* Step_CounterApp.swift in Sources */,
			);
			runOnlyForDeploymentPostprocessing = 0;
		};
		0C6A5B3A26B4B9910015E35A /* Sources */ = {
			isa = PBXSourcesBuildPhase;
			buildActionMask = 2147483647;
			files = (
				0C6A5B4326B4B9910015E35A /* Step_CounterTests.swift in Sources */,
			);
			runOnlyForDeploymentPostprocessing = 0;
		};
		0C6A5B4526B4B9910015E35A /* Sources */ = {
			isa = PBXSourcesBuildPhase;
			buildActionMask = 2147483647;
			files = (
				0C6A5B4E26B4B9910015E35A /* Step_CounterUITests.swift in Sources */,
			);
			runOnlyForDeploymentPostprocessing = 0;
		};
/* End PBXSourcesBuildPhase section */

/* Begin PBXTargetDependency section */
		0C6A5B4026B4B9910015E35A /* PBXTargetDependency */ = {
			isa = PBXTargetDependency;
			target = 0C6A5B2C26B4B9900015E35A /* Step Counter */;
			targetProxy = 0C6A5B3F26B4B9910015E35A /* PBXContainerItemProxy */;
		};
		0C6A5B4B26B4B9910015E35A /* PBXTargetDependency */ = {
			isa = PBXTargetDependency;
			target = 0C6A5B2C26B4B9900015E35A /* Step Counter */;
			targetProxy = 0C6A5B4A26B4B9910015E35A /* PBXContainerItemProxy */;
		};
/* End PBXTargetDependency section */

/* Begin XCBuildConfiguration section */
		0C6A5B5026B4B9910015E35A /* Debug */ = {
			isa = XCBuildConfiguration;
			buildSettings = {
				ALWAYS_SEARCH_USER_PATHS = NO;
				CLANG_ANALYZER_NONNULL = YES;
				CLANG_ANALYZER_NUMBER_OBJECT_CONVERSION = YES_AGGRESSIVE;
				CLANG_CXX_LANGUAGE_STANDARD = "gnu++14";
				CLANG_CXX_LIBRARY = "libc++";
				CLANG_ENABLE_MODULES = YES;
				CLANG_ENABLE_OBJC_ARC = YES;
				CLANG_ENABLE_OBJC_WEAK = YES;
				CLANG_WARN_BLOCK_CAPTURE_AUTORELEASING = YES;
				CLANG_WARN_BOOL_CONVERSION = YES;
				CLANG_WARN_COMMA = YES;
				CLANG_WARN_CONSTANT_CONVERSION = YES;
				CLANG_WARN_DEPRECATED_OBJC_IMPLEMENTATIONS = YES;
				CLANG_WARN_DIRECT_OBJC_ISA_USAGE = YES_ERROR;
				CLANG_WARN_DOCUMENTATION_COMMENTS = YES;
				CLANG_WARN_EMPTY_BODY = YES;
				CLANG_WARN_ENUM_CONVERSION = YES;
				CLANG_WARN_INFINITE_RECURSION = YES;
				CLANG_WARN_INT_CONVERSION = YES;
				CLANG_WARN_NON_LITERAL_NULL_CONVERSION = YES;
				CLANG_WARN_OBJC_IMPLICIT_RETAIN_SELF = YES;
				CLANG_WARN_OBJC_LITERAL_CONVERSION = YES;
				CLANG_WARN_OBJC_ROOT_CLASS = YES_ERROR;
				CLANG_WARN_QUOTED_INCLUDE_IN_FRAMEWORK_HEADER = YES;
				CLANG_WARN_RANGE_LOOP_ANALYSIS = YES;
				CLANG_WARN_STRICT_PROTOTYPES = YES;
				CLANG_WARN_SUSPICIOUS_MOVE = YES;
				CLANG_WARN_UNGUARDED_AVAILABILITY = YES_AGGRESSIVE;
				CLANG_WARN_UNREACHABLE_CODE = YES;
				CLANG_WARN__DUPLICATE_METHOD_MATCH = YES;
				COPY_PHASE_STRIP = NO;
				DEBUG_INFORMATION_FORMAT = dwarf;
				ENABLE_STRICT_OBJC_MSGSEND = YES;
				ENABLE_TESTABILITY = YES;
				GCC_C_LANGUAGE_STANDARD = gnu11;
				GCC_DYNAMIC_NO_PIC = NO;
				GCC_NO_COMMON_BLOCKS = YES;
				GCC_OPTIMIZATION_LEVEL = 0;
				GCC_PREPROCESSOR_DEFINITIONS = (
					"DEBUG=1",
					"$(inherited)",
				);
				GCC_WARN_64_TO_32_BIT_CONVERSION = YES;
				GCC_WARN_ABOUT_RETURN_TYPE = YES_ERROR;
				GCC_WARN_UNDECLARED_SELECTOR = YES;
				GCC_WARN_UNINITIALIZED_AUTOS = YES_AGGRESSIVE;
				GCC_WARN_UNUSED_FUNCTION = YES;
				GCC_WARN_UNUSED_VARIABLE = YES;
				IPHONEOS_DEPLOYMENT_TARGET = 14.5;
				MTL_ENABLE_DEBUG_INFO = INCLUDE_SOURCE;
				MTL_FAST_MATH = YES;
				ONLY_ACTIVE_ARCH = YES;
				SDKROOT = iphoneos;
				SWIFT_ACTIVE_COMPILATION_CONDITIONS = DEBUG;
				SWIFT_OPTIMIZATION_LEVEL = "-Onone";
			};
			name = Debug;
		};
		0C6A5B5126B4B9910015E35A /* Release */ = {
			isa = XCBuildConfiguration;
			buildSettings = {
				ALWAYS_SEARCH_USER_PATHS = NO;
				CLANG_ANALYZER_NONNULL = YES;
				CLANG_ANALYZER_NUMBER_OBJECT_CONVERSION = YES_AGGRESSIVE;
				CLANG_CXX_LANGUAGE_STANDARD = "gnu++14";
				CLANG_CXX_LIBRARY = "libc++";
				CLANG_ENABLE_MODULES = YES;
				CLANG_ENABLE_OBJC_ARC = YES;
				CLANG_ENABLE_OBJC_WEAK = YES;
				CLANG_WARN_BLOCK_CAPTURE_AUTORELEASING = YES;
				CLANG_WARN_BOOL_CONVERSION = YES;
				CLANG_WARN_COMMA = YES;
				CLANG_WARN_CONSTANT_CONVERSION = YES;
				CLANG_WARN_DEPRECATED_OBJC_IMPLEMENTATIONS = YES;
				CLANG_WARN_DIRECT_OBJC_ISA_USAGE = YES_ERROR;
				CLANG_WARN_DOCUMENTATION_COMMENTS = YES;
				CLANG_WARN_EMPTY_BODY = YES;
				CLANG_WARN_ENUM_CONVERSION = YES;
				CLANG_WARN_INFINITE_RECURSION = YES;
				CLANG_WARN_INT_CONVERSION = YES;
				CLANG_WARN_NON_LITERAL_NULL_CONVERSION = YES;
				CLANG_WARN_OBJC_IMPLICIT_RETAIN_SELF = YES;
				CLANG_WARN_OBJC_LITERAL_CONVERSION = YES;
				CLANG_WARN_OBJC_ROOT_CLASS = YES_ERROR;
				CLANG_WARN_QUOTED_INCLUDE_IN_FRAMEWORK_HEADER = YES;
				CLANG_WARN_RANGE_LOOP_ANALYSIS = YES;
				CLANG_WARN_STRICT_PROTOTYPES = YES;
				CLANG_WARN_SUSPICIOUS_MOVE = YES;
				CLANG_WARN_UNGUARDED_AVAILABILITY = YES_AGGRESSIVE;
				CLANG_WARN_UNREACHABLE_CODE = YES;
				CLANG_WARN__DUPLICATE_METHOD_MATCH = YES;
				COPY_PHASE_STRIP = NO;
				DEBUG_INFORMATION_FORMAT = "dwarf-with-dsym";
				ENABLE_NS_ASSERTIONS = NO;
				ENABLE_STRICT_OBJC_MSGSEND = YES;
				GCC_C_LANGUAGE_STANDARD = gnu11;
				GCC_NO_COMMON_BLOCKS = YES;
				GCC_WARN_64_TO_32_BIT_CONVERSION = YES;
				GCC_WARN_ABOUT_RETURN_TYPE = YES_ERROR;
				GCC_WARN_UNDECLARED_SELECTOR = YES;
				GCC_WARN_UNINITIALIZED_AUTOS = YES_AGGRESSIVE;
				GCC_WARN_UNUSED_FUNCTION = YES;
				GCC_WARN_UNUSED_VARIABLE = YES;
				IPHONEOS_DEPLOYMENT_TARGET = 14.5;
				MTL_ENABLE_DEBUG_INFO = NO;
				MTL_FAST_MATH = YES;
				SDKROOT = iphoneos;
				SWIFT_COMPILATION_MODE = wholemodule;
				SWIFT_OPTIMIZATION_LEVEL = "-O";
				VALIDATE_PRODUCT = YES;
			};
			name = Release;
		};
		0C6A5B5326B4B9910015E35A /* Debug */ = {
			isa = XCBuildConfiguration;
			buildSettings = {
				ASSETCATALOG_COMPILER_APPICON_NAME = AppIcon;
				ASSETCATALOG_COMPILER_GLOBAL_ACCENT_COLOR_NAME = AccentColor;
				CODE_SIGN_ENTITLEMENTS = "Step Counter/Step Counter.entitlements";
				CODE_SIGN_STYLE = Automatic;
				DEVELOPMENT_ASSET_PATHS = "\"Step Counter/Preview Content\"";
				DEVELOPMENT_TEAM = 3NX65ZHXX8;
				ENABLE_PREVIEWS = YES;
				INFOPLIST_FILE = "Step Counter/Info.plist";
				IPHONEOS_DEPLOYMENT_TARGET = 14.0;
				LD_RUNPATH_SEARCH_PATHS = (
					"$(inherited)",
					"@executable_path/Frameworks",
				);
				PRODUCT_BUNDLE_IDENTIFIER = "titef.Step-Counter";
				PRODUCT_NAME = "$(TARGET_NAME)";
				SWIFT_VERSION = 5.0;
				TARGETED_DEVICE_FAMILY = "1,2";
			};
			name = Debug;
		};
		0C6A5B5426B4B9910015E35A /* Release */ = {
			isa = XCBuildConfiguration;
			buildSettings = {
				ASSETCATALOG_COMPILER_APPICON_NAME = AppIcon;
				ASSETCATALOG_COMPILER_GLOBAL_ACCENT_COLOR_NAME = AccentColor;
				CODE_SIGN_ENTITLEMENTS = "Step Counter/Step Counter.entitlements";
				CODE_SIGN_STYLE = Automatic;
				DEVELOPMENT_ASSET_PATHS = "\"Step Counter/Preview Content\"";
				DEVELOPMENT_TEAM = 3NX65ZHXX8;
				ENABLE_PREVIEWS = YES;
				INFOPLIST_FILE = "Step Counter/Info.plist";
				IPHONEOS_DEPLOYMENT_TARGET = 14.0;
				LD_RUNPATH_SEARCH_PATHS = (
					"$(inherited)",
					"@executable_path/Frameworks",
				);
				PRODUCT_BUNDLE_IDENTIFIER = "titef.Step-Counter";
				PRODUCT_NAME = "$(TARGET_NAME)";
				SWIFT_VERSION = 5.0;
				TARGETED_DEVICE_FAMILY = "1,2";
			};
			name = Release;
		};
		0C6A5B5626B4B9910015E35A /* Debug */ = {
			isa = XCBuildConfiguration;
			buildSettings = {
				ALWAYS_EMBED_SWIFT_STANDARD_LIBRARIES = YES;
				BUNDLE_LOADER = "$(TEST_HOST)";
				CODE_SIGN_STYLE = Automatic;
				DEVELOPMENT_TEAM = 3NX65ZHXX8;
				INFOPLIST_FILE = "Step CounterTests/Info.plist";
				IPHONEOS_DEPLOYMENT_TARGET = 14.0;
				LD_RUNPATH_SEARCH_PATHS = (
					"$(inherited)",
					"@executable_path/Frameworks",
					"@loader_path/Frameworks",
				);
				PRODUCT_BUNDLE_IDENTIFIER = "titef.Step-CounterTests";
				PRODUCT_NAME = "$(TARGET_NAME)";
				SWIFT_VERSION = 5.0;
				TARGETED_DEVICE_FAMILY = "1,2";
				TEST_HOST = "$(BUILT_PRODUCTS_DIR)/Step Counter.app/Step Counter";
			};
			name = Debug;
		};
		0C6A5B5726B4B9910015E35A /* Release */ = {
			isa = XCBuildConfiguration;
			buildSettings = {
				ALWAYS_EMBED_SWIFT_STANDARD_LIBRARIES = YES;
				BUNDLE_LOADER = "$(TEST_HOST)";
				CODE_SIGN_STYLE = Automatic;
				DEVELOPMENT_TEAM = 3NX65ZHXX8;
				INFOPLIST_FILE = "Step CounterTests/Info.plist";
				IPHONEOS_DEPLOYMENT_TARGET = 14.0;
				LD_RUNPATH_SEARCH_PATHS = (
					"$(inherited)",
					"@executable_path/Frameworks",
					"@loader_path/Frameworks",
				);
				PRODUCT_BUNDLE_IDENTIFIER = "titef.Step-CounterTests";
				PRODUCT_NAME = "$(TARGET_NAME)";
				SWIFT_VERSION = 5.0;
				TARGETED_DEVICE_FAMILY = "1,2";
				TEST_HOST = "$(BUILT_PRODUCTS_DIR)/Step Counter.app/Step Counter";
			};
			name = Release;
		};
		0C6A5B5926B4B9910015E35A /* Debug */ = {
			isa = XCBuildConfiguration;
			buildSettings = {
				ALWAYS_EMBED_SWIFT_STANDARD_LIBRARIES = YES;
				CODE_SIGN_STYLE = Automatic;
				DEVELOPMENT_TEAM = 3NX65ZHXX8;
				INFOPLIST_FILE = "Step CounterUITests/Info.plist";
				LD_RUNPATH_SEARCH_PATHS = (
					"$(inherited)",
					"@executable_path/Frameworks",
					"@loader_path/Frameworks",
				);
				PRODUCT_BUNDLE_IDENTIFIER = "titef.Step-CounterUITests";
				PRODUCT_NAME = "$(TARGET_NAME)";
				SWIFT_VERSION = 5.0;
				TARGETED_DEVICE_FAMILY = "1,2";
				TEST_TARGET_NAME = "Step Counter";
			};
			name = Debug;
		};
		0C6A5B5A26B4B9910015E35A /* Release */ = {
			isa = XCBuildConfiguration;
			buildSettings = {
				ALWAYS_EMBED_SWIFT_STANDARD_LIBRARIES = YES;
				CODE_SIGN_STYLE = Automatic;
				DEVELOPMENT_TEAM = 3NX65ZHXX8;
				INFOPLIST_FILE = "Step CounterUITests/Info.plist";
				LD_RUNPATH_SEARCH_PATHS = (
					"$(inherited)",
					"@executable_path/Frameworks",
					"@loader_path/Frameworks",
				);
				PRODUCT_BUNDLE_IDENTIFIER = "titef.Step-CounterUITests";
				PRODUCT_NAME = "$(TARGET_NAME)";
				SWIFT_VERSION = 5.0;
				TARGETED_DEVICE_FAMILY = "1,2";
				TEST_TARGET_NAME = "Step Counter";
			};
			name = Release;
		};
/* End XCBuildConfiguration section */

/* Begin XCConfigurationList section */
		0C6A5B2826B4B9900015E35A /* Build configuration list for PBXProject "Step Counter" */ = {
			isa = XCConfigurationList;
			buildConfigurations = (
				0C6A5B5026B4B9910015E35A /* Debug */,
				0C6A5B5126B4B9910015E35A /* Release */,
			);
			defaultConfigurationIsVisible = 0;
			defaultConfigurationName = Release;
		};
		0C6A5B5226B4B9910015E35A /* Build configuration list for PBXNativeTarget "Step Counter" */ = {
			isa = XCConfigurationList;
			buildConfigurations = (
				0C6A5B5326B4B9910015E35A /* Debug */,
				0C6A5B5426B4B9910015E35A /* Release */,
			);
			defaultConfigurationIsVisible = 0;
			defaultConfigurationName = Release;
		};
		0C6A5B5526B4B9910015E35A /* Build configuration list for PBXNativeTarget "Step CounterTests" */ = {
			isa = XCConfigurationList;
			buildConfigurations = (
				0C6A5B5626B4B9910015E35A /* Debug */,
				0C6A5B5726B4B9910015E35A /* Release */,
			);
			defaultConfigurationIsVisible = 0;
			defaultConfigurationName = Release;
		};
		0C6A5B5826B4B9910015E35A /* Build configuration list for PBXNativeTarget "Step CounterUITests" */ = {
			isa = XCConfigurationList;
			buildConfigurations = (
				0C6A5B5926B4B9910015E35A /* Debug */,
				0C6A5B5A26B4B9910015E35A /* Release */,
			);
			defaultConfigurationIsVisible = 0;
			defaultConfigurationName = Release;
		};
/* End XCConfigurationList section */
	};
	rootObject = 0C6A5B2526B4B9900015E35A /* Project object */;
}
